
Microsoft Visual Studio Solution File, Format Version 12.00
# Visual Studio Version 17
VisualStudioVersion = 17.3.32922.545
MinimumVisualStudioVersion = 10.0.40219.1
Project("{FAE04EC0-301F-11D3-BF4B-00C04F79EFBC}") = "CharacterEditorWPF", "CharacterEditorWPF\CharacterEditorWPF.csproj", "{63D83FB6-4FAF-4EB1-84CA-FEB02F5A0AED}"
EndProject
Project("{FAE04EC0-301F-11D3-BF4B-00C04F79EFBC}") = "CharacterEditorCore", "CharacterEditorCore\CharacterEditorCore.csproj", "{FEB467C7-C9B0-410F-B95F-FD66F957E28A}"
EndProject
Global
	GlobalSection(SolutionConfigurationPlatforms) = preSolution
		Debug|Any CPU = Debug|Any CPU
		Release|Any CPU = Release|Any CPU
	EndGlobalSection
	GlobalSection(ProjectConfigurationPlatforms) = postSolution
		{63D83FB6-4FAF-4EB1-84CA-FEB02F5A0AED}.Debug|Any CPU.ActiveCfg = Debug|Any CPU
		{63D83FB6-4FAF-4EB1-84CA-FEB02F5A0AED}.Debug|Any CPU.Build.0 = Debug|Any CPU
		{63D83FB6-4FAF-4EB1-84CA-FEB02F5A0AED}.Release|Any CPU.ActiveCfg = Release|Any CPU
		{63D83FB6-4FAF-4EB1-84CA-FEB02F5A0AED}.Release|Any CPU.Build.0 = Release|Any CPU
		{FEB467C7-C9B0-410F-B95F-FD66F957E28A}.Debug|Any CPU.ActiveCfg = Debug|Any CPU
		{FEB467C7-C9B0-410F-B95F-FD66F957E28A}.Debug|Any CPU.Build.0 = Debug|Any CPU
		{FEB467C7-C9B0-410F-B95F-FD66F957E28A}.Release|Any CPU.ActiveCfg = Release|Any CPU
		{FEB467C7-C9B0-410F-B95F-FD66F957E28A}.Release|Any CPU.Build.0 = Release|Any CPU
	EndGlobalSection
	GlobalSection(SolutionProperties) = preSolution
		HideSolutionNode = FALSE
	EndGlobalSection
	GlobalSection(ExtensibilityGlobals) = postSolution
		SolutionGuid = {5A8E139A-24CC-4AA1-B382-8F065C96AF11}
	EndGlobalSection
EndGlobal
